{
  "name": "Hilary",
  "version": "4.1.0",
  "dependencies": {
    "amqp": {
      "version": "0.1.8",
      "from": "amqp@latest",
      "dependencies": {
        "lodash": {
          "version": "1.3.1",
          "from": "lodash@~1.3.1"
        },
        "longjohn": {
          "version": "0.2.2",
          "from": "longjohn@~0.2.1"
        }
      }
    },
    "awssum-amazon-s3": {
      "version": "1.4.0",
      "from": "awssum-amazon-s3@latest",
      "dependencies": {
        "data2xml": {
          "version": "0.8.1",
          "from": "data2xml@0.8.x"
        },
        "underscore": {
          "version": "1.4.4",
          "from": "underscore@1.4.x"
        },
        "dateformat": {
          "version": "1.0.4-1.2.3",
          "from": "dateformat@1.0.4-1.2.3",
          "resolved": "https://registry.npmjs.org/dateformat/-/dateformat-1.0.4-1.2.3.tgz"
        }
      }
    },
    "bunyan": {
      "version": "0.22.1",
      "from": "bunyan@latest",
      "dependencies": {
        "mv": {
          "version": "0.0.5",
          "from": "mv@0.0.5",
          "resolved": "https://registry.npmjs.org/mv/-/mv-0.0.5.tgz"
        },
        "dtrace-provider": {
          "version": "0.2.8",
          "from": "dtrace-provider@0.2.8",
          "resolved": "https://registry.npmjs.org/dtrace-provider/-/dtrace-provider-0.2.8.tgz"
        }
      }
    },
    "cas-sfu": {
      "version": "1.0.5",
      "from": "cas-sfu@git://github.com/nicolaasmatthijs/node-cas-sfu.git",
      "resolved": "git://github.com/nicolaasmatthijs/node-cas-sfu.git#d6e3b5eff9073eacf96ac8f9e9656ec3e38ad558",
      "dependencies": {
        "xml2json": {
          "version": "0.3.2",
          "from": "xml2json@0.3.2",
          "resolved": "https://registry.npmjs.org/xml2json/-/xml2json-0.3.2.tgz",
          "dependencies": {
            "node-expat": {
              "version": "2.0.0",
              "from": "node-expat@2.0.0",
              "resolved": "https://registry.npmjs.org/node-expat/-/node-expat-2.0.0.tgz"
            }
          }
        },
        "request": {
          "version": "2.9.203",
          "from": "request@2.9.x"
        },
        "underscore": {
          "version": "1.3.3",
          "from": "underscore@1.3.x"
        },
        "pass": {
          "version": "0.1.3",
          "from": "pass@0.1.x"
        }
      }
    },
    "clone": {
      "version": "0.1.11",
      "from": "clone@latest"
    },
    "connect": {
      "version": "2.12.0",
      "from": "connect@latest",
      "dependencies": {
        "batch": {
          "version": "0.5.0",
          "from": "batch@0.5.0",
          "resolved": "https://registry.npmjs.org/batch/-/batch-0.5.0.tgz"
        },
        "qs": {
          "version": "0.6.6",
          "from": "qs@0.6.6",
          "resolved": "https://registry.npmjs.org/qs/-/qs-0.6.6.tgz"
        },
        "cookie-signature": {
          "version": "1.0.1",
          "from": "cookie-signature@1.0.1",
          "resolved": "https://registry.npmjs.org/cookie-signature/-/cookie-signature-1.0.1.tgz"
        },
        "buffer-crc32": {
          "version": "0.2.1",
          "from": "buffer-crc32@0.2.1",
          "resolved": "https://registry.npmjs.org/buffer-crc32/-/buffer-crc32-0.2.1.tgz"
        },
        "cookie": {
          "version": "0.1.0",
          "from": "cookie@0.1.0",
          "resolved": "https://registry.npmjs.org/cookie/-/cookie-0.1.0.tgz"
        },
        "send": {
          "version": "0.1.4",
          "from": "send@0.1.4",
          "resolved": "https://registry.npmjs.org/send/-/send-0.1.4.tgz",
          "dependencies": {
            "range-parser": {
              "version": "0.0.4",
              "from": "range-parser@0.0.4",
              "resolved": "https://registry.npmjs.org/range-parser/-/range-parser-0.0.4.tgz"
            }
          }
        },
        "bytes": {
          "version": "0.2.1",
          "from": "bytes@0.2.1",
          "resolved": "https://registry.npmjs.org/bytes/-/bytes-0.2.1.tgz"
        },
        "fresh": {
          "version": "0.2.0",
          "from": "fresh@0.2.0",
          "resolved": "https://registry.npmjs.org/fresh/-/fresh-0.2.0.tgz"
        },
        "pause": {
          "version": "0.0.1",
          "from": "pause@0.0.1",
          "resolved": "https://registry.npmjs.org/pause/-/pause-0.0.1.tgz"
        },
        "uid2": {
          "version": "0.0.3",
          "from": "uid2@0.0.3",
          "resolved": "https://registry.npmjs.org/uid2/-/uid2-0.0.3.tgz"
        },
        "debug": {
          "version": "0.7.4",
          "from": "debug@>= 0.7.3 < 1"
        },
        "methods": {
          "version": "0.1.0",
          "from": "methods@0.1.0",
          "resolved": "https://registry.npmjs.org/methods/-/methods-0.1.0.tgz"
        },
        "raw-body": {
          "version": "1.1.2",
          "from": "raw-body@1.1.2",
          "resolved": "https://registry.npmjs.org/raw-body/-/raw-body-1.1.2.tgz"
        },
        "negotiator": {
          "version": "0.3.0",
          "from": "negotiator@0.3.0",
          "resolved": "https://registry.npmjs.org/negotiator/-/negotiator-0.3.0.tgz"
        },
        "multiparty": {
          "version": "2.2.0",
          "from": "multiparty@2.2.0",
          "resolved": "https://registry.npmjs.org/multiparty/-/multiparty-2.2.0.tgz",
          "dependencies": {
            "readable-stream": {
              "version": "1.1.10",
              "from": "readable-stream@~1.1.9",
              "dependencies": {
                "core-util-is": {
                  "version": "1.0.1",
                  "from": "core-util-is@~1.0.0"
                },
                "debuglog": {
                  "version": "0.0.2",
                  "from": "debuglog@0.0.2",
                  "resolved": "https://registry.npmjs.org/debuglog/-/debuglog-0.0.2.tgz"
                }
              }
            },
            "stream-counter": {
              "version": "0.2.0",
              "from": "stream-counter@~0.2.0"
            }
          }
        }
      }
    },
    "connect-redis": {
      "version": "1.4.6",
      "from": "connect-redis@latest",
      "dependencies": {
        "redis": {
          "version": "0.9.2",
          "from": "redis@0.9.x"
        },
        "debug": {
          "version": "0.7.4",
          "from": "debug@*"
        }
      }
    },
    "csv": {
      "version": "0.3.7",
      "from": "csv@latest",
      "resolved": "https://registry.npmjs.org/csv/-/csv-0.3.7.tgz"
    },
    "dox": {
      "version": "0.4.4",
      "from": "dox@latest",
      "dependencies": {
        "github-flavored-markdown": {
          "version": "1.0.1",
          "from": "github-flavored-markdown@>= 0.0.1"
        },
        "commander": {
          "version": "0.6.1",
          "from": "commander@0.6.1",
          "resolved": "https://registry.npmjs.org/commander/-/commander-0.6.1.tgz"
        }
      }
    },
    "elasticsearchclient": {
      "version": "0.5.3",
      "from": "elasticsearchclient@latest"
    },
    "ent": {
      "version": "0.1.0",
      "from": "ent@latest"
    },
    "etherpad-lite-client": {
      "version": "0.7.0",
      "from": "etherpad-lite-client@latest",
      "dependencies": {
        "underscore": {
          "version": "1.3.3",
          "from": "underscore@1.3.x"
        }
      }
    },
    "express": {
      "version": "3.4.8",
      "from": "express@latest",
      "dependencies": {
        "commander": {
          "version": "1.3.2",
          "from": "commander@1.3.2",
          "resolved": "https://registry.npmjs.org/commander/-/commander-1.3.2.tgz",
          "dependencies": {
            "keypress": {
              "version": "0.1.0",
              "from": "keypress@0.1.x"
            }
          }
        },
        "range-parser": {
          "version": "0.0.4",
          "from": "range-parser@0.0.4",
          "resolved": "https://registry.npmjs.org/range-parser/-/range-parser-0.0.4.tgz"
        },
        "cookie": {
          "version": "0.1.0",
          "from": "cookie@0.1.0",
          "resolved": "https://registry.npmjs.org/cookie/-/cookie-0.1.0.tgz"
        },
        "buffer-crc32": {
          "version": "0.2.1",
          "from": "buffer-crc32@0.2.1",
          "resolved": "https://registry.npmjs.org/buffer-crc32/-/buffer-crc32-0.2.1.tgz"
        },
        "fresh": {
          "version": "0.2.0",
          "from": "fresh@0.2.0",
          "resolved": "https://registry.npmjs.org/fresh/-/fresh-0.2.0.tgz"
        },
        "methods": {
          "version": "0.1.0",
          "from": "methods@0.1.0",
          "resolved": "https://registry.npmjs.org/methods/-/methods-0.1.0.tgz"
        },
        "send": {
          "version": "0.1.4",
          "from": "send@0.1.4",
          "resolved": "https://registry.npmjs.org/send/-/send-0.1.4.tgz"
        },
        "cookie-signature": {
          "version": "1.0.1",
          "from": "cookie-signature@1.0.1",
          "resolved": "https://registry.npmjs.org/cookie-signature/-/cookie-signature-1.0.1.tgz"
        },
        "merge-descriptors": {
          "version": "0.0.1",
          "from": "merge-descriptors@0.0.1",
          "resolved": "https://registry.npmjs.org/merge-descriptors/-/merge-descriptors-0.0.1.tgz"
        },
        "debug": {
          "version": "0.7.4",
          "from": "debug@>= 0.7.3 < 1"
        }
      }
    },
    "gm": {
      "version": "1.14.2",
      "from": "gm@latest",
      "dependencies": {
        "debug": {
          "version": "0.7.0",
          "from": "debug@0.7.0",
          "resolved": "https://registry.npmjs.org/debug/-/debug-0.7.0.tgz"
        },
        "array-series": {
          "version": "0.1.5",
          "from": "array-series@~0.1.0"
        },
        "array-parallel": {
          "version": "0.1.3",
          "from": "array-parallel@~0.1.0"
        },
        "stream-to-buffer": {
          "version": "0.0.1",
          "from": "stream-to-buffer@~0.0.1"
        },
        "through": {
          "version": "2.3.4",
          "from": "through@~2.3.1"
        }
      }
    },
    "helenus": {
      "version": "0.6.8",
      "from": "helenus@latest",
      "dependencies": {
        "helenus-thrift": {
          "version": "0.7.3",
          "from": "helenus-thrift@0.7.3",
          "resolved": "https://registry.npmjs.org/helenus-thrift/-/helenus-thrift-0.7.3.tgz"
        },
        "node-uuid": {
          "version": "1.3.3",
          "from": "node-uuid@1.3.3",
          "resolved": "https://registry.npmjs.org/node-uuid/-/node-uuid-1.3.3.tgz"
        },
        "microtime": {
          "version": "0.4.0",
          "from": "microtime@0.4.0",
          "resolved": "https://registry.npmjs.org/microtime/-/microtime-0.4.0.tgz",
          "dependencies": {
            "bindings": {
              "version": "1.0.0",
              "from": "bindings@1.0.0",
              "resolved": "https://registry.npmjs.org/bindings/-/bindings-1.0.0.tgz"
            }
          }
        }
      }
    },
    "less": {
      "version": "1.6.1",
      "from": "less@latest",
      "dependencies": {
        "clean-css": {
          "version": "2.0.7",
          "from": "clean-css@2.0.x",
          "dependencies": {
            "commander": {
              "version": "2.0.0",
              "from": "commander@2.0.x",
              "resolved": "https://registry.npmjs.org/commander/-/commander-2.0.0.tgz"
            }
          }
        },
        "source-map": {
          "version": "0.1.31",
          "from": "source-map@0.1.x",
          "dependencies": {
            "amdefine": {
              "version": "0.1.0",
              "from": "amdefine@>=0.0.4"
            }
          }
        }
      }
    },
    "locale": {
      "version": "0.0.14",
      "from": "locale@latest",
      "resolved": "https://registry.npmjs.org/locale/-/locale-0.0.14.tgz"
    },
    "mime": {
      "version": "1.2.11",
      "from": "mime@latest"
    },
    "mkdirp": {
      "version": "0.3.5",
      "from": "mkdirp@latest"
    },
    "multiparty": {
      "version": "3.2.2",
      "from": "multiparty@latest",
      "resolved": "https://registry.npmjs.org/multiparty/-/multiparty-3.2.2.tgz",
      "dependencies": {
        "readable-stream": {
          "version": "1.1.10",
          "from": "readable-stream@~1.1.9",
          "dependencies": {
            "core-util-is": {
              "version": "1.0.1",
              "from": "core-util-is@~1.0.0"
            },
            "debuglog": {
              "version": "0.0.2",
              "from": "debuglog@0.0.2",
              "resolved": "https://registry.npmjs.org/debuglog/-/debuglog-0.0.2.tgz"
            }
          }
        },
        "stream-counter": {
          "version": "0.2.0",
          "from": "stream-counter@~0.2.0"
        }
      }
    },
    "nodemailer": {
      "version": "0.6.0",
      "from": "nodemailer@latest",
      "dependencies": {
        "mailcomposer": {
          "version": "0.2.8",
          "from": "mailcomposer@~0.2.7",
          "resolved": "https://registry.npmjs.org/mailcomposer/-/mailcomposer-0.2.8.tgz",
          "dependencies": {
            "mimelib": {
              "version": "0.2.14",
              "from": "mimelib@~0.2.14",
              "dependencies": {
                "encoding": {
                  "version": "0.1.7",
                  "from": "encoding@~0.1",
                  "dependencies": {
                    "iconv-lite": {
                      "version": "0.2.11",
                      "from": "iconv-lite@~0.2.11",
                      "resolved": "https://registry.npmjs.org/iconv-lite/-/iconv-lite-0.2.11.tgz"
                    }
                  }
                },
                "addressparser": {
                  "version": "0.2.0",
                  "from": "addressparser@~0.2.0"
                }
              }
            },
            "mime": {
              "version": "1.2.9",
              "from": "mime@1.2.9",
              "resolved": "https://registry.npmjs.org/mime/-/mime-1.2.9.tgz"
            },
            "punycode": {
              "version": "1.2.3",
              "from": "punycode@~1.2.3"
            },
            "follow-redirects": {
              "version": "0.0.3",
              "from": "follow-redirects@0.0.3",
              "resolved": "https://registry.npmjs.org/follow-redirects/-/follow-redirects-0.0.3.tgz"
            },
            "dkim-signer": {
              "version": "0.1.0",
              "from": "dkim-signer@~0.1.0"
            }
          }
        },
        "simplesmtp": {
          "version": "0.3.20",
          "from": "simplesmtp@~0.2 || ~0.3",
          "resolved": "https://registry.npmjs.org/simplesmtp/-/simplesmtp-0.3.20.tgz",
          "dependencies": {
            "rai": {
              "version": "0.1.9",
              "from": "rai@~0.1"
            },
            "xoauth2": {
              "version": "0.1.8",
              "from": "xoauth2@~0.1"
            }
          }
        },
        "directmail": {
          "version": "0.1.6",
          "from": "directmail@~0.1.6"
        },
        "he": {
          "version": "0.3.6",
          "from": "he@~0.3.6"
        },
        "public-address": {
          "version": "0.1.0",
          "from": "public-address@~0.1.0"
        },
        "readable-stream": {
          "version": "1.1.10",
          "from": "readable-stream@~1.1.9",
          "dependencies": {
            "core-util-is": {
              "version": "1.0.1",
              "from": "core-util-is@~1.0.0"
            },
            "debuglog": {
              "version": "0.0.2",
              "from": "debuglog@0.0.2",
              "resolved": "https://registry.npmjs.org/debuglog/-/debuglog-0.0.2.tgz"
            }
          }
        }
      }
    },
    "oae-activity": {
      "version": "0.0.1"
    },
    "oae-authentication": {
      "version": "0.0.1"
    },
    "oae-authz": {
      "version": "0.0.1"
    },
    "oae-config": {
      "version": "0.0.1"
    },
    "oae-content": {
      "version": "0.0.1"
    },
    "oae-context": {
      "version": "0.1.1"
    },
    "oae-discussions": {
      "version": "0.0.1"
    },
    "oae-doc": {
      "version": "0.0.1"
    },
    "oae-email": {
      "version": "0.0.1"
    },
    "oae-following": {
      "version": "0.0.1"
    },
    "oae-google-analytics": {
      "version": "0.0.1"
    },
    "oae-library": {
      "version": "0.0.1"
    },
    "oae-logger": {
      "version": "0.0.1"
    },
    "oae-mediacore": {
      "version": "0.0.1"
    },
    "oae-messagebox": {
      "version": "0.0.1"
    },
    "oae-principals": {
      "version": "0.0.1"
    },
    "oae-preview-processor": {
      "version": "0.0.1"
    },
    "oae-profiles": {
      "version": "0.1.1"
    },
    "oae-rest": {
      "version": "0.0.1"
    },
    "oae-search": {
      "version": "0.0.1"
    },
    "oae-telemetry": {
      "version": "0.0.1"
    },
    "oae-tenants": {
      "version": "0.0.1"
    },
    "oae-tests": {
      "version": "0.0.1"
    },
    "oae-tincanapi": {
      "version": "0.0.1"
    },
    "oae-ui": {
      "version": "0.0.1"
    },
    "oae-util": {
      "version": "0.0.1"
    },
    "optimist": {
      "version": "0.6.0",
      "from": "optimist@latest",
      "dependencies": {
        "wordwrap": {
          "version": "0.0.2",
          "from": "wordwrap@~0.0.2"
        },
        "minimist": {
          "version": "0.0.5",
          "from": "minimist@~0.0.1"
        }
      }
    },
    "passport": {
      "version": "0.2.0",
      "from": "passport@latest",
      "resolved": "https://registry.npmjs.org/passport/-/passport-0.2.0.tgz",
      "dependencies": {
        "passport-strategy": {
          "version": "1.0.0",
          "from": "passport-strategy@1.x.x"
        },
        "pause": {
          "version": "0.0.1",
          "from": "pause@0.0.1",
          "resolved": "https://registry.npmjs.org/pause/-/pause-0.0.1.tgz"
        }
      }
    },
    "passport-facebook": {
      "version": "1.0.2",
      "from": "passport-facebook@latest",
      "dependencies": {
        "passport-oauth2": {
          "version": "1.1.1",
          "from": "passport-oauth2@1.x.x",
          "dependencies": {
            "passport-strategy": {
              "version": "1.0.0",
              "from": "passport-strategy@1.x.x"
            },
            "oauth": {
              "version": "0.9.11",
              "from": "oauth@0.9.x"
            },
            "uid2": {
              "version": "0.0.3",
              "from": "uid2@0.0.x"
            }
          }
        }
      }
    },
    "passport-google-oauth": {
      "version": "0.1.5",
      "from": "passport-google-oauth@latest",
      "dependencies": {
        "pkginfo": {
          "version": "0.2.3",
          "from": "pkginfo@0.2.x"
        },
        "passport-oauth": {
          "version": "0.1.15",
          "from": "passport-oauth@~0.1.4",
          "dependencies": {
            "passport": {
              "version": "0.1.18",
              "from": "passport@~0.1.1",
              "dependencies": {
                "pause": {
                  "version": "0.0.1",
                  "from": "pause@0.0.1",
                  "resolved": "https://registry.npmjs.org/pause/-/pause-0.0.1.tgz"
                }
              }
            },
            "oauth": {
              "version": "0.9.11",
              "from": "oauth@0.9.x"
            }
          }
        }
      }
    },
    "passport-http": {
      "version": "0.2.2",
      "from": "passport-http@latest",
      "dependencies": {
        "pkginfo": {
          "version": "0.2.3",
          "from": "pkginfo@0.2.x"
        },
        "passport": {
          "version": "0.1.18",
          "from": "passport@~0.1.3",
          "dependencies": {
            "pause": {
              "version": "0.0.1",
              "from": "pause@0.0.1",
              "resolved": "https://registry.npmjs.org/pause/-/pause-0.0.1.tgz"
            }
          }
        }
      }
    },
    "passport-ldapauth": {
      "version": "0.1.2",
      "from": "passport-ldapauth@latest",
      "dependencies": {
        "ldapauth-fork": {
          "version": "2.2.11",
          "from": "ldapauth-fork@~2.2.5",
          "dependencies": {
            "ldapjs": {
              "version": "0.7.0",
              "from": "ldapjs@0.7.0",
              "resolved": "https://registry.npmjs.org/ldapjs/-/ldapjs-0.7.0.tgz",
              "dependencies": {
                "asn1": {
                  "version": "0.1.11",
                  "from": "asn1@0.1.11",
                  "resolved": "https://registry.npmjs.org/asn1/-/asn1-0.1.11.tgz"
                },
                "assert-plus": {
                  "version": "0.1.2",
                  "from": "assert-plus@0.1.2",
                  "resolved": "https://registry.npmjs.org/assert-plus/-/assert-plus-0.1.2.tgz"
                },
                "buffertools": {
                  "version": "1.1.0",
                  "from": "buffertools@1.1.0",
                  "resolved": "https://registry.npmjs.org/buffertools/-/buffertools-1.1.0.tgz"
                },
                "bunyan": {
                  "version": "0.21.1",
                  "from": "bunyan@0.21.1",
                  "resolved": "https://registry.npmjs.org/bunyan/-/bunyan-0.21.1.tgz",
                  "dependencies": {
                    "mv": {
                      "version": "0.0.5",
                      "from": "mv@0.0.5",
                      "resolved": "https://registry.npmjs.org/mv/-/mv-0.0.5.tgz"
                    }
                  }
                },
                "dtrace-provider": {
                  "version": "0.2.8",
                  "from": "dtrace-provider@0.2.8",
                  "resolved": "https://registry.npmjs.org/dtrace-provider/-/dtrace-provider-0.2.8.tgz"
                },
                "nopt": {
                  "version": "2.1.1",
                  "from": "nopt@2.1.1",
                  "resolved": "https://registry.npmjs.org/nopt/-/nopt-2.1.1.tgz",
                  "dependencies": {
                    "abbrev": {
                      "version": "1.0.4",
                      "from": "abbrev@1"
                    }
                  }
                },
                "pooling": {
                  "version": "0.4.5",
                  "from": "pooling@0.4.5",
                  "resolved": "https://registry.npmjs.org/pooling/-/pooling-0.4.5.tgz",
                  "dependencies": {
                    "assert-plus": {
                      "version": "0.1.4",
                      "from": "assert-plus@0.1.4",
                      "resolved": "https://registry.npmjs.org/assert-plus/-/assert-plus-0.1.4.tgz"
                    },
                    "bunyan": {
                      "version": "0.22.0",
                      "from": "bunyan@0.22.0",
                      "resolved": "https://registry.npmjs.org/bunyan/-/bunyan-0.22.0.tgz",
                      "dependencies": {
                        "mv": {
                          "version": "0.0.5",
                          "from": "mv@0.0.5",
                          "resolved": "https://registry.npmjs.org/mv/-/mv-0.0.5.tgz"
                        }
                      }
                    },
                    "once": {
                      "version": "1.3.0",
                      "from": "once@1.3.0",
                      "resolved": "https://registry.npmjs.org/once/-/once-1.3.0.tgz"
                    },
                    "vasync": {
                      "version": "1.4.0",
                      "from": "vasync@1.4.0",
                      "resolved": "https://registry.npmjs.org/vasync/-/vasync-1.4.0.tgz",
                      "dependencies": {
                        "jsprim": {
                          "version": "0.3.0",
                          "from": "jsprim@0.3.0",
                          "resolved": "https://registry.npmjs.org/jsprim/-/jsprim-0.3.0.tgz",
                          "dependencies": {
                            "extsprintf": {
                              "version": "1.0.0",
                              "from": "extsprintf@1.0.0",
                              "resolved": "https://registry.npmjs.org/extsprintf/-/extsprintf-1.0.0.tgz"
                            },
                            "json-schema": {
                              "version": "0.2.2",
                              "from": "json-schema@0.2.2",
                              "resolved": "https://registry.npmjs.org/json-schema/-/json-schema-0.2.2.tgz"
                            },
                            "verror": {
                              "version": "1.3.3",
                              "from": "verror@1.3.3",
                              "resolved": "https://registry.npmjs.org/verror/-/verror-1.3.3.tgz"
                            }
                          }
                        },
                        "verror": {
                          "version": "1.1.0",
                          "from": "verror@1.1.0",
                          "resolved": "https://registry.npmjs.org/verror/-/verror-1.1.0.tgz",
                          "dependencies": {
                            "extsprintf": {
                              "version": "1.0.0",
                              "from": "extsprintf@1.0.0",
                              "resolved": "https://registry.npmjs.org/extsprintf/-/extsprintf-1.0.0.tgz"
                            }
                          }
                        }
                      }
                    }
                  }
                }
              }
            },
            "lru-cache": {
              "version": "2.5.0",
              "from": "lru-cache@2",
              "resolved": "https://registry.npmjs.org/lru-cache/-/lru-cache-2.5.0.tgz"
            },
            "bcrypt": {
              "version": "0.7.7",
              "from": "bcrypt@0.7.7",
              "resolved": "https://registry.npmjs.org/bcrypt/-/bcrypt-0.7.7.tgz",
              "dependencies": {
                "bindings": {
                  "version": "1.0.0",
                  "from": "bindings@1.0.0",
                  "resolved": "https://registry.npmjs.org/bindings/-/bindings-1.0.0.tgz"
                }
              }
            }
          }
        },
        "passport": {
          "version": "0.1.18",
          "from": "passport@0.1.x",
          "dependencies": {
            "pkginfo": {
              "version": "0.2.3",
              "from": "pkginfo@0.2.x"
            },
            "pause": {
              "version": "0.0.1",
              "from": "pause@0.0.1",
              "resolved": "https://registry.npmjs.org/pause/-/pause-0.0.1.tgz"
            }
          }
        }
      }
    },
    "passport-local": {
      "version": "0.1.6",
      "from": "passport-local@latest",
      "dependencies": {
        "pkginfo": {
          "version": "0.2.3",
          "from": "pkginfo@0.2.x"
        },
        "passport": {
          "version": "0.1.18",
          "from": "passport@~0.1.1",
          "dependencies": {
            "pause": {
              "version": "0.0.1",
              "from": "pause@0.0.1",
              "resolved": "https://registry.npmjs.org/pause/-/pause-0.0.1.tgz"
            }
          }
        }
      }
    },
    "passport-openid": {
      "version": "0.3.1",
      "from": "passport-openid@latest",
      "dependencies": {
        "pkginfo": {
          "version": "0.2.3",
          "from": "pkginfo@0.2.x"
        },
        "passport": {
          "version": "0.1.18",
          "from": "passport@0.1.x",
          "dependencies": {
            "pause": {
              "version": "0.0.1",
              "from": "pause@0.0.1",
              "resolved": "https://registry.npmjs.org/pause/-/pause-0.0.1.tgz"
            }
          }
        },
        "openid": {
          "version": "0.5.5",
          "from": "openid@0.5.x"
        }
      }
    },
    "passport-saml": {
      "version": "0.0.4",
      "from": "passport-saml@git://github.com/simong/passport-saml",
      "resolved": "git://github.com/simong/passport-saml#c43394ac00cd769f52b646d8bc7505e5d23c25b4",
      "dependencies": {
        "passport": {
          "version": "0.1.18",
          "from": "passport@~0.1.1",
          "dependencies": {
            "pkginfo": {
              "version": "0.2.3",
              "from": "pkginfo@0.2.x"
            },
            "pause": {
              "version": "0.0.1",
              "from": "pause@0.0.1",
              "resolved": "https://registry.npmjs.org/pause/-/pause-0.0.1.tgz"
            }
          }
        },
        "lru-cache": {
          "version": "2.2.4",
          "from": "lru-cache@2.2.x"
        },
        "xml2js": {
          "version": "0.2.0",
          "from": "xml2js@0.2.0",
          "resolved": "https://registry.npmjs.org/xml2js/-/xml2js-0.2.0.tgz",
          "dependencies": {
            "sax": {
              "version": "0.6.0",
              "from": "sax@>=0.1.1"
            }
          }
        },
        "xml-crypto": {
          "version": "0.0.22",
          "from": "xml-crypto@0.0.x",
          "dependencies": {
            "xmldom-fork-fixed": {
              "version": "0.0.1",
              "from": "xmldom-fork-fixed@>=0.0.1"
            },
            "xmldom": {
              "version": "0.1.16",
              "from": "xmldom@=0.1.16",
              "resolved": "https://registry.npmjs.org/xmldom/-/xmldom-0.1.16.tgz"
            },
            "xpath.js": {
              "version": "0.0.3",
              "from": "xpath.js@>=0.0.3"
            }
          }
        },
        "xmldom": {
          "version": "0.1.19",
          "from": "xmldom@0.1.x",
          "resolved": "https://registry.npmjs.org/xmldom/-/xmldom-0.1.19.tgz"
        }
      }
    },
    "passport-twitter": {
      "version": "1.0.2",
      "from": "passport-twitter@latest",
      "dependencies": {
        "passport-oauth1": {
          "version": "1.0.1",
          "from": "passport-oauth1@1.x.x",
          "dependencies": {
            "passport-strategy": {
              "version": "1.0.0",
              "from": "passport-strategy@1.x.x"
            },
            "oauth": {
              "version": "0.9.11",
              "from": "oauth@0.9.x"
            },
            "utils-merge": {
              "version": "1.0.0",
              "from": "utils-merge@1.x.x"
            }
          }
        },
        "xtraverse": {
          "version": "0.1.0",
          "from": "xtraverse@0.1.x",
          "dependencies": {
            "xmldom": {
              "version": "0.1.19",
              "from": "xmldom@0.1.x",
              "resolved": "https://registry.npmjs.org/xmldom/-/xmldom-0.1.19.tgz"
            }
          }
        }
      }
    },
    "rails-timezone": {
      "version": "1.0.0",
      "from": "rails-timezone@latest"
    },
    "readdirp": {
      "version": "0.3.3",
      "from": "readdirp@latest",
      "dependencies": {
        "graceful-fs": {
          "version": "2.0.1",
          "from": "graceful-fs@~2.0.0"
        },
        "minimatch": {
          "version": "0.2.14",
          "from": "minimatch@~0.2.12",
          "dependencies": {
            "lru-cache": {
              "version": "2.5.0",
              "from": "lru-cache@2",
              "resolved": "https://registry.npmjs.org/lru-cache/-/lru-cache-2.5.0.tgz"
            },
            "sigmund": {
              "version": "1.0.0",
              "from": "sigmund@~1.0.0"
            }
          }
        }
      }
    },
    "recaptcha": {
      "version": "1.2.0",
      "from": "recaptcha@latest"
    },
    "redis": {
      "version": "0.10.0",
      "from": "redis@latest"
    },
    "request": {
      "version": "2.33.0",
      "from": "request@latest",
      "dependencies": {
        "qs": {
          "version": "0.6.6",
          "from": "qs@~0.6.0"
        },
        "json-stringify-safe": {
          "version": "5.0.0",
          "from": "json-stringify-safe@~5.0.0"
        },
        "forever-agent": {
          "version": "0.5.0",
          "from": "forever-agent@~0.5.0"
        },
        "node-uuid": {
          "version": "1.4.1",
          "from": "node-uuid@~1.4.0"
        },
        "tough-cookie": {
          "version": "0.12.1",
          "from": "tough-cookie@>=0.12.0",
          "dependencies": {
            "punycode": {
              "version": "1.2.3",
              "from": "punycode@>=0.2.0"
            }
          }
        },
        "form-data": {
          "version": "0.1.2",
          "from": "form-data@~0.1.0",
          "dependencies": {
            "combined-stream": {
              "version": "0.0.4",
              "from": "combined-stream@~0.0.4",
              "dependencies": {
                "delayed-stream": {
                  "version": "0.0.5",
                  "from": "delayed-stream@0.0.5",
                  "resolved": "https://registry.npmjs.org/delayed-stream/-/delayed-stream-0.0.5.tgz"
                }
              }
            },
            "async": {
              "version": "0.2.10",
              "from": "async@0.2.x",
              "resolved": "https://registry.npmjs.org/async/-/async-0.2.10.tgz"
            }
          }
        },
        "tunnel-agent": {
          "version": "0.3.0",
          "from": "tunnel-agent@~0.3.0"
        },
        "http-signature": {
          "version": "0.10.0",
          "from": "http-signature@~0.10.0",
          "dependencies": {
            "assert-plus": {
              "version": "0.1.2",
              "from": "assert-plus@0.1.2",
              "resolved": "https://registry.npmjs.org/assert-plus/-/assert-plus-0.1.2.tgz"
            },
            "asn1": {
              "version": "0.1.11",
              "from": "asn1@0.1.11",
              "resolved": "https://registry.npmjs.org/asn1/-/asn1-0.1.11.tgz"
            },
            "ctype": {
              "version": "0.5.2",
              "from": "ctype@0.5.2",
              "resolved": "https://registry.npmjs.org/ctype/-/ctype-0.5.2.tgz"
            }
          }
        },
        "oauth-sign": {
          "version": "0.3.0",
          "from": "oauth-sign@~0.3.0"
        },
        "hawk": {
          "version": "1.0.0",
          "from": "hawk@~1.0.0",
          "dependencies": {
            "hoek": {
              "version": "0.9.1",
              "from": "hoek@0.9.x"
            },
            "boom": {
              "version": "0.4.2",
              "from": "boom@0.4.x"
            },
            "cryptiles": {
              "version": "0.2.2",
              "from": "cryptiles@0.2.x"
            },
            "sntp": {
              "version": "0.2.4",
              "from": "sntp@0.2.x"
            }
          }
        },
        "aws-sign2": {
          "version": "0.5.0",
          "from": "aws-sign2@~0.5.0"
        }
      }
    },
    "shelljs": {
      "version": "0.2.6",
      "from": "shelljs@latest"
    },
    "shortid": {
      "version": "2.0.0",
      "from": "shortid@latest"
    },
    "slideshare": {
      "version": "0.1.1",
      "from": "slideshare@git://github.com/oaeproject/node-slideshare",
      "resolved": "git://github.com/oaeproject/node-slideshare#137858c7d83df4ba2f7202266b36bdc41fac35bb",
      "dependencies": {
        "restler": {
          "version": "3.1.0",
          "from": "restler@",
          "dependencies": {
            "qs": {
              "version": "0.6.6",
              "from": "qs@0.6.6",
              "resolved": "https://registry.npmjs.org/qs/-/qs-0.6.6.tgz"
            },
            "xml2js": {
              "version": "0.4.0",
              "from": "xml2js@0.4.0",
              "resolved": "https://registry.npmjs.org/xml2js/-/xml2js-0.4.0.tgz",
              "dependencies": {
                "sax": {
                  "version": "0.5.8",
                  "from": "sax@0.5.x"
                },
                "xmlbuilder": {
                  "version": "2.1.0",
                  "from": "xmlbuilder@>=0.4.2"
                }
              }
            },
            "yaml": {
              "version": "0.2.3",
              "from": "yaml@0.2.3",
              "resolved": "https://registry.npmjs.org/yaml/-/yaml-0.2.3.tgz"
            },
            "iconv-lite": {
              "version": "0.2.11",
              "from": "iconv-lite@~0.2.11",
              "resolved": "https://registry.npmjs.org/iconv-lite/-/iconv-lite-0.2.11.tgz"
            }
          }
        }
      }
    },
    "sockjs": {
      "version": "0.3.8",
      "from": "sockjs@latest",
      "dependencies": {
        "node-uuid": {
          "version": "1.3.3",
          "from": "node-uuid@1.3.3",
          "resolved": "https://registry.npmjs.org/node-uuid/-/node-uuid-1.3.3.tgz"
        },
        "faye-websocket": {
          "version": "0.7.0",
          "from": "faye-websocket@0.7.0",
          "resolved": "https://registry.npmjs.org/faye-websocket/-/faye-websocket-0.7.0.tgz",
          "dependencies": {
            "websocket-driver": {
              "version": "0.3.2",
              "from": "websocket-driver@>=0.3.0"
            }
          }
        }
      }
    },
    "temp": {
      "version": "0.6.0",
      "from": "temp@latest",
      "dependencies": {
        "rimraf": {
          "version": "2.1.4",
          "from": "rimraf@~2.1.4",
          "dependencies": {
            "graceful-fs": {
              "version": "1.2.3",
              "from": "graceful-fs@~1"
            }
          }
        },
        "osenv": {
          "version": "0.0.3",
          "from": "osenv@0.0.3",
          "resolved": "https://registry.npmjs.org/osenv/-/osenv-0.0.3.tgz"
        }
      }
    },
    "timezone-js": {
      "version": "0.4.7",
      "from": "timezone-js@latest"
    },
    "underscore": {
      "version": "1.5.2",
      "from": "underscore@latest"
    },
    "validator": {
      "version": "1.1.3",
      "from": "validator@1.1.3",
      "resolved": "https://registry.npmjs.org/validator/-/validator-1.1.3.tgz"
    },
    "watch": {
      "version": "0.8.0",
      "from": "watch@latest"
    },
    "webshot": {
      "version": "0.9.1",
      "from": "webshot@latest",
      "dependencies": {
        "tmp": {
          "version": "0.0.23",
          "from": "tmp@~0.0.23"
        },
        "phantomjs": {
          "version": "1.9.7-1",
          "from": "phantomjs@~1.9.0-1",
          "resolved": "https://registry.npmjs.org/phantomjs/-/phantomjs-1.9.7-1.tgz",
          "dependencies": {
            "adm-zip": {
              "version": "0.2.1",
              "from": "adm-zip@0.2.1",
              "resolved": "https://registry.npmjs.org/adm-zip/-/adm-zip-0.2.1.tgz"
            },
            "kew": {
              "version": "0.1.7",
              "from": "kew@~0.1.7"
            },
            "ncp": {
              "version": "0.4.2",
              "from": "ncp@0.4.2",
              "resolved": "https://registry.npmjs.org/ncp/-/ncp-0.4.2.tgz"
            },
            "npmconf": {
              "version": "0.0.24",
              "from": "npmconf@0.0.24",
              "resolved": "https://registry.npmjs.org/npmconf/-/npmconf-0.0.24.tgz",
              "dependencies": {
                "config-chain": {
                  "version": "1.1.8",
                  "from": "config-chain@~1.1.1",
                  "dependencies": {
                    "proto-list": {
                      "version": "1.2.2",
                      "from": "proto-list@~1.2.1"
                    }
                  }
                },
                "inherits": {
                  "version": "1.0.0",
                  "from": "inherits@~1.0.0"
                },
                "once": {
                  "version": "1.1.1",
                  "from": "once@~1.1.1"
                },
                "osenv": {
                  "version": "0.0.3",
                  "from": "osenv@0.0.3",
                  "resolved": "https://registry.npmjs.org/osenv/-/osenv-0.0.3.tgz"
                },
                "nopt": {
                  "version": "2.1.2",
                  "from": "nopt@2",
                  "dependencies": {
                    "abbrev": {
                      "version": "1.0.4",
                      "from": "abbrev@1"
                    }
                  }
                },
                "semver": {
                  "version": "1.1.4",
                  "from": "semver@~1.1.0"
                },
                "ini": {
                  "version": "1.1.0",
                  "from": "ini@~1.1.0"
                }
              }
            },
            "rimraf": {
              "version": "2.2.6",
              "from": "rimraf@~2.2.2"
            },
            "which": {
              "version": "1.0.5",
              "from": "which@1.0.x"
            }
          }
        }
      }
    },
    "xml2js": {
      "version": "0.4.1",
      "from": "xml2js@latest",
      "dependencies": {
        "sax": {
          "version": "0.5.8",
          "from": "sax@0.5.x"
        },
        "xmlbuilder": {
          "version": "2.1.0",
          "from": "xmlbuilder@>=0.4.2"
        }
      }
    },
    "youtube-feeds": {
      "version": "2.2.1",
      "from": "youtube-feeds@latest",
      "dependencies": {
        "node-xml2json": {
          "version": "1.0.0",
          "from": "node-xml2json@1.x.x"
        }
      }
    },
    "bunyan-syslog": {
      "version": "0.2.2",
      "from": "bunyan-syslog@latest",
      "dependencies": {
        "assert-plus": {
          "version": "0.1.4",
          "from": "assert-plus@0.1.4",
          "resolved": "https://registry.npmjs.org/assert-plus/-/assert-plus-0.1.4.tgz"
        }
      }
    },
    "awssum-amazon": {
      "version": "1.3.0",
      "from": "awssum-amazon@~1",
      "dependencies": {
        "underscore": {
          "version": "1.4.4",
          "from": "underscore@1.4.x"
        },
        "dateformat": {
          "version": "1.0.4-1.2.3",
          "from": "dateformat@1.0.4-1.2.3",
          "resolved": "https://registry.npmjs.org/dateformat/-/dateformat-1.0.4-1.2.3.tgz"
        }
      }
    },
    "awssum": {
      "version": "1.2.0",
      "from": "awssum@~1",
      "dependencies": {
        "underscore": {
          "version": "1.4.4",
          "from": "underscore@1.4.x"
        },
        "xml2js": {
          "version": "0.2.8",
          "from": "xml2js@0.2.x",
          "dependencies": {
            "sax": {
              "version": "0.5.8",
              "from": "sax@0.5.x"
            }
          }
        }
      }
    }
  }
}
